
Microsoft Visual Studio Solution File, Format Version 12.00
# Visual Studio Version 17
VisualStudioVersion = 17.11.35222.181
MinimumVisualStudioVersion = 10.0.40219.1
Project("{9A19103F-16F7-4668-BE54-9A1E7A4F7556}") = "BulkyWeb", "BulkyWeb\BulkyWeb.csproj", "{B71BADB4-9837-4330-89F5-A23150D97048}"
EndProject
Project("{FAE04EC0-301F-11D3-BF4B-00C04F79EFBC}") = "Bulky.DataAccess", "Bulky.DataAccess\Bulky.DataAccess.csproj", "{D3F67556-EA66-4F11-9179-54A1A60DBDF7}"
EndProject
Project("{FAE04EC0-301F-11D3-BF4B-00C04F79EFBC}") = "Bulky.Models", "Bulky.Models\Bulky.Models.csproj", "{459B8BC7-B3A6-4D90-BA02-9FF40AA7E111}"
EndProject
Project("{FAE04EC0-301F-11D3-BF4B-00C04F79EFBC}") = "Bulky.Utility", "Bulky.Utility\Bulky.Utility.csproj", "{5A88A46E-434C-47E2-9C79-32E1832E34A8}"
EndProject
Global
	GlobalSection(SolutionConfigurationPlatforms) = preSolution
		Debug|Any CPU = Debug|Any CPU
		Release|Any CPU = Release|Any CPU
	EndGlobalSection
	GlobalSection(ProjectConfigurationPlatforms) = postSolution
		{B71BADB4-9837-4330-89F5-A23150D97048}.Debug|Any CPU.ActiveCfg = Debug|Any CPU
		{B71BADB4-9837-4330-89F5-A23150D97048}.Debug|Any CPU.Build.0 = Debug|Any CPU
		{B71BADB4-9837-4330-89F5-A23150D97048}.Release|Any CPU.ActiveCfg = Release|Any CPU
		{B71BADB4-9837-4330-89F5-A23150D97048}.Release|Any CPU.Build.0 = Release|Any CPU
		{D3F67556-EA66-4F11-9179-54A1A60DBDF7}.Debug|Any CPU.ActiveCfg = Debug|Any CPU
		{D3F67556-EA66-4F11-9179-54A1A60DBDF7}.Debug|Any CPU.Build.0 = Debug|Any CPU
		{D3F67556-EA66-4F11-9179-54A1A60DBDF7}.Release|Any CPU.ActiveCfg = Release|Any CPU
		{D3F67556-EA66-4F11-9179-54A1A60DBDF7}.Release|Any CPU.Build.0 = Release|Any CPU
		{459B8BC7-B3A6-4D90-BA02-9FF40AA7E111}.Debug|Any CPU.ActiveCfg = Debug|Any CPU
		{459B8BC7-B3A6-4D90-BA02-9FF40AA7E111}.Debug|Any CPU.Build.0 = Debug|Any CPU
		{459B8BC7-B3A6-4D90-BA02-9FF40AA7E111}.Release|Any CPU.ActiveCfg = Release|Any CPU
		{459B8BC7-B3A6-4D90-BA02-9FF40AA7E111}.Release|Any CPU.Build.0 = Release|Any CPU
		{5A88A46E-434C-47E2-9C79-32E1832E34A8}.Debug|Any CPU.ActiveCfg = Debug|Any CPU
		{5A88A46E-434C-47E2-9C79-32E1832E34A8}.Debug|Any CPU.Build.0 = Debug|Any CPU
		{5A88A46E-434C-47E2-9C79-32E1832E34A8}.Release|Any CPU.ActiveCfg = Release|Any CPU
		{5A88A46E-434C-47E2-9C79-32E1832E34A8}.Release|Any CPU.Build.0 = Release|Any CPU
	EndGlobalSection
	GlobalSection(SolutionProperties) = preSolution
		HideSolutionNode = FALSE
	EndGlobalSection
	GlobalSection(ExtensibilityGlobals) = postSolution
		SolutionGuid = {30D9B7C0-453A-405F-9218-90782943D28A}
	EndGlobalSection
EndGlobal
